{
  "meteor": {},
  "dependencies": {
    "basePackages": {
      "iron-router": {},
      "roles": {},
      "nprogress": {},
      "famono": {
        "git": "https://github.com/particle4dev/Meteor-famono.git",
        "branch": "master"
      },
      "sass": {}
    },
    "packages": {
      "iron-router": {
        "git": "https://github.com/EventedMind/iron-router.git",
        "tag": "v0.7.1",
        "commit": "d1ffb3f06ea4c112132b030f2eb1a70b81675ecb"
      },
      "roles": {
        "git": "https://github.com/alanning/meteor-roles.git",
        "tag": "v1.2.9",
        "commit": "969b17fac5dfec66b6b12bfce4e37471d1a241d4"
      },
      "nprogress": {
        "git": "https://github.com/zhouzhuojie/meteor-nprogress.git",
        "tag": "v0.0.4",
        "commit": "8333206b751a24fac1fbd1b03fa37621bcefe50c"
      },
      "famono": {
        "git": "https://github.com/particle4dev/Meteor-famono.git",
        "branch": "master",
        "commit": "20fe370657b258bf39feb2071fda4c703713e7da"
      },
      "sass": {
        "git": "https://github.com/particle4dev/meteor-sass.git",
        "tag": "v0.1.4",
        "commit": "7f43b08e9726c953bbbda5974d09cfca89f45086"
      },
      "blaze-layout": {
        "git": "https://github.com/EventedMind/blaze-layout.git",
        "tag": "v0.2.4",
        "commit": "b40e9b0612329288d75cf52ad14a7da64bb8618f"
      }
    }
  }
}
